// !$*UTF8*$!
{
	archiveVersion = 1;
	classes = {
	};
	objectVersion = 56;
	objects = {

/* Begin PBXBuildFile section */
		E1EBBDB629FAC89E008C8705 /* AppDelegate.swift in Sources */ = {isa = PBXBuildFile; fileRef = E1EBBDB529FAC89E008C8705 /* AppDelegate.swift */; };
		E1EBBDB829FAC89E008C8705 /* SceneDelegate.swift in Sources */ = {isa = PBXBuildFile; fileRef = E1EBBDB729FAC89E008C8705 /* SceneDelegate.swift */; };
		E1EBBDBA29FAC89E008C8705 /* LoginViewController.swift in Sources */ = {isa = PBXBuildFile; fileRef = E1EBBDB929FAC89E008C8705 /* LoginViewController.swift */; };
		E1EBBDBF29FAC89E008C8705 /* Assets.xcassets in Resources */ = {isa = PBXBuildFile; fileRef = E1EBBDBE29FAC89E008C8705 /* Assets.xcassets */; };
		E1EBBDC229FAC89E008C8705 /* LaunchScreen.storyboard in Resources */ = {isa = PBXBuildFile; fileRef = E1EBBDC029FAC89E008C8705 /* LaunchScreen.storyboard */; };
		E1EBBDCA29FAC8D5008C8705 /* HomeViewController.swift in Sources */ = {isa = PBXBuildFile; fileRef = E1EBBDC929FAC8D5008C8705 /* HomeViewController.swift */; };
		E1EBBDD029FAD448008C8705 /* NetworkService.swift in Sources */ = {isa = PBXBuildFile; fileRef = E1EBBDCF29FAD448008C8705 /* NetworkService.swift */; };
		E1EBBDD229FAD45E008C8705 /* User.swift in Sources */ = {isa = PBXBuildFile; fileRef = E1EBBDD129FAD45E008C8705 /* User.swift */; };
		E1EBBDD429FAD8D0008C8705 /* LoginViewModel.swift in Sources */ = {isa = PBXBuildFile; fileRef = E1EBBDD329FAD8D0008C8705 /* LoginViewModel.swift */; };
		E1EBBDD829FAD918008C8705 /* HomeViewModel.swift in Sources */ = {isa = PBXBuildFile; fileRef = E1EBBDD729FAD918008C8705 /* HomeViewModel.swift */; };
		E1EBBDDF29FAD9B3008C8705 /* ObservableObject.swift in Sources */ = {isa = PBXBuildFile; fileRef = E1EBBDDE29FAD9B3008C8705 /* ObservableObject.swift */; };
/* End PBXBuildFile section */

/* Begin PBXFileReference section */
		E1EBBDB229FAC89E008C8705 /* MVVMDesignPattern.app */ = {isa = PBXFileReference; explicitFileType = wrapper.application; includeInIndex = 0; path = MVVMDesignPattern.app; sourceTree = BUILT_PRODUCTS_DIR; };
		E1EBBDB529FAC89E008C8705 /* AppDelegate.swift */ = {isa = PBXFileReference; lastKnownFileType = sourcecode.swift; path = AppDelegate.swift; sourceTree = "<group>"; };
		E1EBBDB729FAC89E008C8705 /* SceneDelegate.swift */ = {isa = PBXFileReference; lastKnownFileType = sourcecode.swift; path = SceneDelegate.swift; sourceTree = "<group>"; };
		E1EBBDB929FAC89E008C8705 /* LoginViewController.swift */ = {isa = PBXFileReference; lastKnownFileType = sourcecode.swift; path = LoginViewController.swift; sourceTree = "<group>"; };
		E1EBBDBE29FAC89E008C8705 /* Assets.xcassets */ = {isa = PBXFileReference; lastKnownFileType = folder.assetcatalog; path = Assets.xcassets; sourceTree = "<group>"; };
		E1EBBDC129FAC89E008C8705 /* Base */ = {isa = PBXFileReference; lastKnownFileType = file.storyboard; name = Base; path = Base.lproj/LaunchScreen.storyboard; sourceTree = "<group>"; };
		E1EBBDC329FAC89E008C8705 /* Info.plist */ = {isa = PBXFileReference; lastKnownFileType = text.plist.xml; path = Info.plist; sourceTree = "<group>"; };
		E1EBBDC929FAC8D5008C8705 /* HomeViewController.swift */ = {isa = PBXFileReference; lastKnownFileType = sourcecode.swift; path = HomeViewController.swift; sourceTree = "<group>"; };
		E1EBBDCF29FAD448008C8705 /* NetworkService.swift */ = {isa = PBXFileReference; lastKnownFileType = sourcecode.swift; path = NetworkService.swift; sourceTree = "<group>"; };
		E1EBBDD129FAD45E008C8705 /* User.swift */ = {isa = PBXFileReference; lastKnownFileType = sourcecode.swift; path = User.swift; sourceTree = "<group>"; };
		E1EBBDD329FAD8D0008C8705 /* LoginViewModel.swift */ = {isa = PBXFileReference; lastKnownFileType = sourcecode.swift; path = LoginViewModel.swift; sourceTree = "<group>"; };
		E1EBBDD729FAD918008C8705 /* HomeViewModel.swift */ = {isa = PBXFileReference; lastKnownFileType = sourcecode.swift; path = HomeViewModel.swift; sourceTree = "<group>"; };
		E1EBBDDE29FAD9B3008C8705 /* ObservableObject.swift */ = {isa = PBXFileReference; lastKnownFileType = sourcecode.swift; path = ObservableObject.swift; sourceTree = "<group>"; };
/* End PBXFileReference section */

/* Begin PBXFrameworksBuildPhase section */
		E1EBBDAF29FAC89E008C8705 /* Frameworks */ = {
			isa = PBXFrameworksBuildPhase;
			buildActionMask = 2147483647;
			files = (
			);
			runOnlyForDeploymentPostprocessing = 0;
		};
/* End PBXFrameworksBuildPhase section */

/* Begin PBXGroup section */
		E1EBBDA929FAC89E008C8705 = {
			isa = PBXGroup;
			children = (
				E1EBBDB429FAC89E008C8705 /* MVVMDesignPattern */,
				E1EBBDB329FAC89E008C8705 /* Products */,
			);
			sourceTree = "<group>";
		};
		E1EBBDB329FAC89E008C8705 /* Products */ = {
			isa = PBXGroup;
			children = (
				E1EBBDB229FAC89E008C8705 /* MVVMDesignPattern.app */,
			);
			name = Products;
			sourceTree = "<group>";
		};
		E1EBBDB429FAC89E008C8705 /* MVVMDesignPattern */ = {
			isa = PBXGroup;
			children = (
				E1EBBDDB29FAD975008C8705 /* Utility */,
				E1EBBDD929FAD922008C8705 /* Services */,
				E1EBBDDA29FAD92B008C8705 /* DataModels */,
				E1EBBDD529FAD8E2008C8705 /* LoginView */,
				E1EBBDD629FAD907008C8705 /* HomeView */,
				E1EBBDB529FAC89E008C8705 /* AppDelegate.swift */,
				E1EBBDB729FAC89E008C8705 /* SceneDelegate.swift */,
				E1EBBDBE29FAC89E008C8705 /* Assets.xcassets */,
				E1EBBDC029FAC89E008C8705 /* LaunchScreen.storyboard */,
				E1EBBDC329FAC89E008C8705 /* Info.plist */,
			);
			path = MVVMDesignPattern;
			sourceTree = "<group>";
		};
		E1EBBDD529FAD8E2008C8705 /* LoginView */ = {
			isa = PBXGroup;
			children = (
				E1EBBDD329FAD8D0008C8705 /* LoginViewModel.swift */,
				E1EBBDB929FAC89E008C8705 /* LoginViewController.swift */,
			);
			path = LoginView;
			sourceTree = "<group>";
		};
		E1EBBDD629FAD907008C8705 /* HomeView */ = {
			isa = PBXGroup;
			children = (
				E1EBBDD729FAD918008C8705 /* HomeViewModel.swift */,
				E1EBBDC929FAC8D5008C8705 /* HomeViewController.swift */,
			);
			path = HomeView;
			sourceTree = "<group>";
		};
		E1EBBDD929FAD922008C8705 /* Services */ = {
			isa = PBXGroup;
			children = (
				E1EBBDCF29FAD448008C8705 /* NetworkService.swift */,
			);
			path = Services;
			sourceTree = "<group>";
		};
		E1EBBDDA29FAD92B008C8705 /* DataModels */ = {
			isa = PBXGroup;
			children = (
				E1EBBDD129FAD45E008C8705 /* User.swift */,
			);
			path = DataModels;
			sourceTree = "<group>";
		};
		E1EBBDDB29FAD975008C8705 /* Utility */ = {
			isa = PBXGroup;
			children = (
				E1EBBDDE29FAD9B3008C8705 /* ObservableObject.swift */,
			);
			path = Utility;
			sourceTree = "<group>";
		};
/* End PBXGroup section */

/* Begin PBXNativeTarget section */
		E1EBBDB129FAC89E008C8705 /* MVVMDesignPattern */ = {
			isa = PBXNativeTarget;
			buildConfigurationList = E1EBBDC629FAC89E008C8705 /* Build configuration list for PBXNativeTarget "MVVMDesignPattern" */;
			buildPhases = (
				E1EBBDAE29FAC89E008C8705 /* Sources */,
				E1EBBDAF29FAC89E008C8705 /* Frameworks */,
				E1EBBDB029FAC89E008C8705 /* Resources */,
			);
			buildRules = (
			);
			dependencies = (
			);
			name = MVVMDesignPattern;
			productName = MVVMDesignPattern;
			productReference = E1EBBDB229FAC89E008C8705 /* MVVMDesignPattern.app */;
			productType = "com.apple.product-type.application";
		};
/* End PBXNativeTarget section */

/* Begin PBXProject section */
		E1EBBDAA29FAC89E008C8705 /* Project object */ = {
			isa = PBXProject;
			attributes = {
				BuildIndependentTargetsInParallel = 1;
				LastSwiftUpdateCheck = 1430;
				LastUpgradeCheck = 1430;
				TargetAttributes = {
					E1EBBDB129FAC89E008C8705 = {
						CreatedOnToolsVersion = 14.3;
					};
				};
			};
			buildConfigurationList = E1EBBDAD29FAC89E008C8705 /* Build configuration list for PBXProject "MVVMDesignPattern" */;
			compatibilityVersion = "Xcode 14.0";
			developmentRegion = en;
			hasScannedForEncodings = 0;
			knownRegions = (
				en,
				Base,
			);
			mainGroup = E1EBBDA929FAC89E008C8705;
			productRefGroup = E1EBBDB329FAC89E008C8705 /* Products */;
			projectDirPath = "";
			projectRoot = "";
			targets = (
				E1EBBDB129FAC89E008C8705 /* MVVMDesignPattern */,
			);
		};
/* End PBXProject section */

/* Begin PBXResourcesBuildPhase section */
		E1EBBDB029FAC89E008C8705 /* Resources */ = {
			isa = PBXResourcesBuildPhase;
			buildActionMask = 2147483647;
			files = (
				E1EBBDC229FAC89E008C8705 /* LaunchScreen.storyboard in Resources */,
				E1EBBDBF29FAC89E008C8705 /* Assets.xcassets in Resources */,
			);
			runOnlyForDeploymentPostprocessing = 0;
		};
/* End PBXResourcesBuildPhase section */

/* Begin PBXSourcesBuildPhase section */
		E1EBBDAE29FAC89E008C8705 /* Sources */ = {
			isa = PBXSourcesBuildPhase;
			buildActionMask = 2147483647;
			files = (
				E1EBBDD029FAD448008C8705 /* NetworkService.swift in Sources */,
				E1EBBDBA29FAC89E008C8705 /* LoginViewController.swift in Sources */,
				E1EBBDD229FAD45E008C8705 /* User.swift in Sources */,
				E1EBBDD829FAD918008C8705 /* HomeViewModel.swift in Sources */,
				E1EBBDB629FAC89E008C8705 /* AppDelegate.swift in Sources */,
				E1EBBDB829FAC89E008C8705 /* SceneDelegate.swift in Sources */,
				E1EBBDCA29FAC8D5008C8705 /* HomeViewController.swift in Sources */,
				E1EBBDD429FAD8D0008C8705 /* LoginViewModel.swift in Sources */,
				E1EBBDDF29FAD9B3008C8705 /* ObservableObject.swift in Sources */,
			);
			runOnlyForDeploymentPostprocessing = 0;
		};
/* End PBXSourcesBuildPhase section */

/* Begin PBXVariantGroup section */
		E1EBBDC029FAC89E008C8705 /* LaunchScreen.storyboard */ = {
			isa = PBXVariantGroup;
			children = (
				E1EBBDC129FAC89E008C8705 /* Base */,
			);
			name = LaunchScreen.storyboard;
			sourceTree = "<group>";
		};
/* End PBXVariantGroup section */

/* Begin XCBuildConfiguration section */
		E1EBBDC429FAC89E008C8705 /* Debug */ = {
			isa = XCBuildConfiguration;
			buildSettings = {
				ALWAYS_SEARCH_USER_PATHS = NO;
				CLANG_ANALYZER_NONNULL = YES;
				CLANG_ANALYZER_NUMBER_OBJECT_CONVERSION = YES_AGGRESSIVE;
				CLANG_CXX_LANGUAGE_STANDARD = "gnu++20";
				CLANG_ENABLE_MODULES = YES;
				CLANG_ENABLE_OBJC_ARC = YES;
				CLANG_ENABLE_OBJC_WEAK = YES;
				CLANG_WARN_BLOCK_CAPTURE_AUTORELEASING = YES;
				CLANG_WARN_BOOL_CONVERSION = YES;
				CLANG_WARN_COMMA = YES;
				CLANG_WARN_CONSTANT_CONVERSION = YES;
				CLANG_WARN_DEPRECATED_OBJC_IMPLEMENTATIONS = YES;
				CLANG_WARN_DIRECT_OBJC_ISA_USAGE = YES_ERROR;
				CLANG_WARN_DOCUMENTATION_COMMENTS = YES;
				CLANG_WARN_EMPTY_BODY = YES;
				CLANG_WARN_ENUM_CONVERSION = YES;
				CLANG_WARN_INFINITE_RECURSION = YES;
				CLANG_WARN_INT_CONVERSION = YES;
				CLANG_WARN_NON_LITERAL_NULL_CONVERSION = YES;
				CLANG_WARN_OBJC_IMPLICIT_RETAIN_SELF = YES;
				CLANG_WARN_OBJC_LITERAL_CONVERSION = YES;
				CLANG_WARN_OBJC_ROOT_CLASS = YES_ERROR;
				CLANG_WARN_QUOTED_INCLUDE_IN_FRAMEWORK_HEADER = YES;
				CLANG_WARN_RANGE_LOOP_ANALYSIS = YES;
				CLANG_WARN_STRICT_PROTOTYPES = YES;
				CLANG_WARN_SUSPICIOUS_MOVE = YES;
				CLANG_WARN_UNGUARDED_AVAILABILITY = YES_AGGRESSIVE;
				CLANG_WARN_UNREACHABLE_CODE = YES;
				CLANG_WARN__DUPLICATE_METHOD_MATCH = YES;
				COPY_PHASE_STRIP = NO;
				DEBUG_INFORMATION_FORMAT = dwarf;
				ENABLE_STRICT_OBJC_MSGSEND = YES;
				ENABLE_TESTABILITY = YES;
				GCC_C_LANGUAGE_STANDARD = gnu11;
				GCC_DYNAMIC_NO_PIC = NO;
				GCC_NO_COMMON_BLOCKS = YES;
				GCC_OPTIMIZATION_LEVEL = 0;
				GCC_PREPROCESSOR_DEFINITIONS = (
					"DEBUG=1",
					"$(inherited)",
				);
				GCC_WARN_64_TO_32_BIT_CONVERSION = YES;
				GCC_WARN_ABOUT_RETURN_TYPE = YES_ERROR;
				GCC_WARN_UNDECLARED_SELECTOR = YES;
				GCC_WARN_UNINITIALIZED_AUTOS = YES_AGGRESSIVE;
				GCC_WARN_UNUSED_FUNCTION = YES;
				GCC_WARN_UNUSED_VARIABLE = YES;
				IPHONEOS_DEPLOYMENT_TARGET = 16.4;
				MTL_ENABLE_DEBUG_INFO = INCLUDE_SOURCE;
				MTL_FAST_MATH = YES;
				ONLY_ACTIVE_ARCH = YES;
				SDKROOT = iphoneos;
				SWIFT_ACTIVE_COMPILATION_CONDITIONS = DEBUG;
				SWIFT_OPTIMIZATION_LEVEL = "-Onone";
			};
			name = Debug;
		};
		E1EBBDC529FAC89E008C8705 /* Release */ = {
			isa = XCBuildConfiguration;
			buildSettings = {
				ALWAYS_SEARCH_USER_PATHS = NO;
				CLANG_ANALYZER_NONNULL = YES;
				CLANG_ANALYZER_NUMBER_OBJECT_CONVERSION = YES_AGGRESSIVE;
				CLANG_CXX_LANGUAGE_STANDARD = "gnu++20";
				CLANG_ENABLE_MODULES = YES;
				CLANG_ENABLE_OBJC_ARC = YES;
				CLANG_ENABLE_OBJC_WEAK = YES;
				CLANG_WARN_BLOCK_CAPTURE_AUTORELEASING = YES;
				CLANG_WARN_BOOL_CONVERSION = YES;
				CLANG_WARN_COMMA = YES;
				CLANG_WARN_CONSTANT_CONVERSION = YES;
				CLANG_WARN_DEPRECATED_OBJC_IMPLEMENTATIONS = YES;
				CLANG_WARN_DIRECT_OBJC_ISA_USAGE = YES_ERROR;
				CLANG_WARN_DOCUMENTATION_COMMENTS = YES;
				CLANG_WARN_EMPTY_BODY = YES;
				CLANG_WARN_ENUM_CONVERSION = YES;
				CLANG_WARN_INFINITE_RECURSION = YES;
				CLANG_WARN_INT_CONVERSION = YES;
				CLANG_WARN_NON_LITERAL_NULL_CONVERSION = YES;
				CLANG_WARN_OBJC_IMPLICIT_RETAIN_SELF = YES;
				CLANG_WARN_OBJC_LITERAL_CONVERSION = YES;
				CLANG_WARN_OBJC_ROOT_CLASS = YES_ERROR;
				CLANG_WARN_QUOTED_INCLUDE_IN_FRAMEWORK_HEADER = YES;
				CLANG_WARN_RANGE_LOOP_ANALYSIS = YES;
				CLANG_WARN_STRICT_PROTOTYPES = YES;
				CLANG_WARN_SUSPICIOUS_MOVE = YES;
				CLANG_WARN_UNGUARDED_AVAILABILITY = YES_AGGRESSIVE;
				CLANG_WARN_UNREACHABLE_CODE = YES;
				CLANG_WARN__DUPLICATE_METHOD_MATCH = YES;
				COPY_PHASE_STRIP = NO;
				DEBUG_INFORMATION_FORMAT = "dwarf-with-dsym";
				ENABLE_NS_ASSERTIONS = NO;
				ENABLE_STRICT_OBJC_MSGSEND = YES;
				GCC_C_LANGUAGE_STANDARD = gnu11;
				GCC_NO_COMMON_BLOCKS = YES;
				GCC_WARN_64_TO_32_BIT_CONVERSION = YES;
				GCC_WARN_ABOUT_RETURN_TYPE = YES_ERROR;
				GCC_WARN_UNDECLARED_SELECTOR = YES;
				GCC_WARN_UNINITIALIZED_AUTOS = YES_AGGRESSIVE;
				GCC_WARN_UNUSED_FUNCTION = YES;
				GCC_WARN_UNUSED_VARIABLE = YES;
				IPHONEOS_DEPLOYMENT_TARGET = 16.4;
				MTL_ENABLE_DEBUG_INFO = NO;
				MTL_FAST_MATH = YES;
				SDKROOT = iphoneos;
				SWIFT_COMPILATION_MODE = wholemodule;
				SWIFT_OPTIMIZATION_LEVEL = "-O";
				VALIDATE_PRODUCT = YES;
			};
			name = Release;
		};
		E1EBBDC729FAC89E008C8705 /* Debug */ = {
			isa = XCBuildConfiguration;
			buildSettings = {
				ASSETCATALOG_COMPILER_APPICON_NAME = AppIcon;
				ASSETCATALOG_COMPILER_GLOBAL_ACCENT_COLOR_NAME = AccentColor;
				CODE_SIGN_STYLE = Automatic;
				CURRENT_PROJECT_VERSION = 1;
				DEVELOPMENT_TEAM = XWVP4F494Z;
				GENERATE_INFOPLIST_FILE = YES;
				INFOPLIST_FILE = MVVMDesignPattern/Info.plist;
				INFOPLIST_KEY_UIApplicationSupportsIndirectInputEvents = YES;
				INFOPLIST_KEY_UILaunchStoryboardName = LaunchScreen;
				INFOPLIST_KEY_UISupportedInterfaceOrientations_iPad = "UIInterfaceOrientationPortrait UIInterfaceOrientationPortraitUpsideDown UIInterfaceOrientationLandscapeLeft UIInterfaceOrientationLandscapeRight";
				INFOPLIST_KEY_UISupportedInterfaceOrientations_iPhone = "UIInterfaceOrientationPortrait UIInterfaceOrientationLandscapeLeft UIInterfaceOrientationLandscapeRight";
				LD_RUNPATH_SEARCH_PATHS = (
					"$(inherited)",
					"@executable_path/Frameworks",
				);
				MARKETING_VERSION = 1.0;
				PRODUCT_BUNDLE_IDENTIFIER = dev.jasonpinlac.MVVMDesignPattern;
				PRODUCT_NAME = "$(TARGET_NAME)";
				SWIFT_EMIT_LOC_STRINGS = YES;
				SWIFT_VERSION = 5.0;
				TARGETED_DEVICE_FAMILY = "1,2";
			};
			name = Debug;
		};
		E1EBBDC829FAC89E008C8705 /* Release */ = {
			isa = XCBuildConfiguration;
			buildSettings = {
				ASSETCATALOG_COMPILER_APPICON_NAME = AppIcon;
				ASSETCATALOG_COMPILER_GLOBAL_ACCENT_COLOR_NAME = AccentColor;
				CODE_SIGN_STYLE = Automatic;
				CURRENT_PROJECT_VERSION = 1;
				DEVELOPMENT_TEAM = XWVP4F494Z;
				GENERATE_INFOPLIST_FILE = YES;
				INFOPLIST_FILE = MVVMDesignPattern/Info.plist;
				INFOPLIST_KEY_UIApplicationSupportsIndirectInputEvents = YES;
				INFOPLIST_KEY_UILaunchStoryboardName = LaunchScreen;
				INFOPLIST_KEY_UISupportedInterfaceOrientations_iPad = "UIInterfaceOrientationPortrait UIInterfaceOrientationPortraitUpsideDown UIInterfaceOrientationLandscapeLeft UIInterfaceOrientationLandscapeRight";
				INFOPLIST_KEY_UISupportedInterfaceOrientations_iPhone = "UIInterfaceOrientationPortrait UIInterfaceOrientationLandscapeLeft UIInterfaceOrientationLandscapeRight";
				LD_RUNPATH_SEARCH_PATHS = (
					"$(inherited)",
					"@executable_path/Frameworks",
				);
				MARKETING_VERSION = 1.0;
				PRODUCT_BUNDLE_IDENTIFIER = dev.jasonpinlac.MVVMDesignPattern;
				PRODUCT_NAME = "$(TARGET_NAME)";
				SWIFT_EMIT_LOC_STRINGS = YES;
				SWIFT_VERSION = 5.0;
				TARGETED_DEVICE_FAMILY = "1,2";
			};
			name = Release;
		};
/* End XCBuildConfiguration section */

/* Begin XCConfigurationList section */
		E1EBBDAD29FAC89E008C8705 /* Build configuration list for PBXProject "MVVMDesignPattern" */ = {
			isa = XCConfigurationList;
			buildConfigurations = (
				E1EBBDC429FAC89E008C8705 /* Debug */,
				E1EBBDC529FAC89E008C8705 /* Release */,
			);
			defaultConfigurationIsVisible = 0;
			defaultConfigurationName = Release;
		};
		E1EBBDC629FAC89E008C8705 /* Build configuration list for PBXNativeTarget "MVVMDesignPattern" */ = {
			isa = XCConfigurationList;
			buildConfigurations = (
				E1EBBDC729FAC89E008C8705 /* Debug */,
				E1EBBDC829FAC89E008C8705 /* Release */,
			);
			defaultConfigurationIsVisible = 0;
			defaultConfigurationName = Release;
		};
/* End XCConfigurationList section */
	};
	rootObject = E1EBBDAA29FAC89E008C8705 /* Project object */;
}
